
Microsoft Visual Studio Solution File, Format Version 12.00
# Visual Studio Version 17
VisualStudioVersion = 17.11.35303.130
MinimumVisualStudioVersion = 10.0.40219.1
Project("{FAE04EC0-301F-11D3-BF4B-00C04F79EFBC}") = "Project", "Project\Project.csproj", "{80E6532B-66E3-490F-A5A5-3AC4EF36518A}"
EndProject
Global
	GlobalSection(SolutionConfigurationPlatforms) = preSolution
		Debug|Any CPU = Debug|Any CPU
		Release|Any CPU = Release|Any CPU
	EndGlobalSection
	GlobalSection(ProjectConfigurationPlatforms) = postSolution
		{80E6532B-66E3-490F-A5A5-3AC4EF36518A}.Debug|Any CPU.ActiveCfg = Debug|Any CPU
		{80E6532B-66E3-490F-A5A5-3AC4EF36518A}.Debug|Any CPU.Build.0 = Debug|Any CPU
		{80E6532B-66E3-490F-A5A5-3AC4EF36518A}.Release|Any CPU.ActiveCfg = Release|Any CPU
		{80E6532B-66E3-490F-A5A5-3AC4EF36518A}.Release|Any CPU.Build.0 = Release|Any CPU
	EndGlobalSection
	GlobalSection(SolutionProperties) = preSolution
		HideSolutionNode = FALSE
	EndGlobalSection
	GlobalSection(ExtensibilityGlobals) = postSolution
		SolutionGuid = {ADFC97C9-8DF1-41FA-8926-43AD7DCB823C}
	EndGlobalSection
EndGlobal
